
Microsoft Visual Studio Solution File, Format Version 12.00
# Visual Studio 15
VisualStudioVersion = 15.0.27703.2042
MinimumVisualStudioVersion = 10.0.40219.1
Project("{9A19103F-16F7-4668-BE54-9A1E7A4F7556}") = "SpatialFocus.EntityFrameworkCore.Extensions", "src\SpatialFocus.EntityFrameworkCore.Extensions\SpatialFocus.EntityFrameworkCore.Extensions.csproj", "{768CB889-C6A3-475B-B8EE-72CE676DD5B8}"
EndProject
Project("{9A19103F-16F7-4668-BE54-9A1E7A4F7556}") = "SpatialFocus.EntityFrameworkCore.Extensions.Demo", "samples\SpatialFocus.EntityFrameworkCore.Extensions.SQLiteDemo\SpatialFocus.EntityFrameworkCore.Extensions.SQLiteDemo.csproj", "{28AC20A6-FE86-427F-80D9-19D5D02D31FB}"
EndProject
Project("{2150E333-8FDC-42A3-9474-1A3956D46DE8}") = "src", "src", "{70FF5B08-F25B-44BE-B8FE-1F1884B5B3F0}"
EndProject
Project("{2150E333-8FDC-42A3-9474-1A3956D46DE8}") = "samples", "samples", "{8092090A-24E1-45E6-84B3-AA060CC34619}"
EndProject
Global
	GlobalSection(SolutionConfigurationPlatforms) = preSolution
		Debug|Any CPU = Debug|Any CPU
		Release|Any CPU = Release|Any CPU
	EndGlobalSection
	GlobalSection(ProjectConfigurationPlatforms) = postSolution
		{768CB889-C6A3-475B-B8EE-72CE676DD5B8}.Debug|Any CPU.ActiveCfg = Debug|Any CPU
		{768CB889-C6A3-475B-B8EE-72CE676DD5B8}.Debug|Any CPU.Build.0 = Debug|Any CPU
		{768CB889-C6A3-475B-B8EE-72CE676DD5B8}.Release|Any CPU.ActiveCfg = Release|Any CPU
		{768CB889-C6A3-475B-B8EE-72CE676DD5B8}.Release|Any CPU.Build.0 = Release|Any CPU
		{28AC20A6-FE86-427F-80D9-19D5D02D31FB}.Debug|Any CPU.ActiveCfg = Debug|Any CPU
		{28AC20A6-FE86-427F-80D9-19D5D02D31FB}.Debug|Any CPU.Build.0 = Debug|Any CPU
		{28AC20A6-FE86-427F-80D9-19D5D02D31FB}.Release|Any CPU.ActiveCfg = Release|Any CPU
		{28AC20A6-FE86-427F-80D9-19D5D02D31FB}.Release|Any CPU.Build.0 = Release|Any CPU
	EndGlobalSection
	GlobalSection(SolutionProperties) = preSolution
		HideSolutionNode = FALSE
	EndGlobalSection
	GlobalSection(NestedProjects) = preSolution
		{768CB889-C6A3-475B-B8EE-72CE676DD5B8} = {70FF5B08-F25B-44BE-B8FE-1F1884B5B3F0}
		{28AC20A6-FE86-427F-80D9-19D5D02D31FB} = {8092090A-24E1-45E6-84B3-AA060CC34619}
	EndGlobalSection
	GlobalSection(ExtensibilityGlobals) = postSolution
		SolutionGuid = {8D07B300-5F54-4D11-BA2E-668BF1671D72}
	EndGlobalSection
EndGlobal
